# This file is automatically @generated by Cargo.
# It is not intended for manual editing.
version = 4

[[package]]
name = "packet-radio-core"
version = "0.1.0"

[[package]]
name = "packet-radio-desktop"
version = "0.1.0"
dependencies = [
 "packet-radio-core",
 "packet-radio-shared",
]

[[package]]
name = "packet-radio-esp32"
version = "0.1.0"
dependencies = [
 "packet-radio-core",
]

[[package]]
name = "packet-radio-shared"
version = "0.1.0"
dependencies = [
 "packet-radio-core",
]
